
Microsoft Visual Studio Solution File, Format Version 12.00
# Visual Studio 15
VisualStudioVersion = 15.0.27130.2020
MinimumVisualStudioVersion = 10.0.40219.1
Project("{FAE04EC0-301F-11D3-BF4B-00C04F79EFBC}") = "Prova", "Prova\Prova.csproj", "{D80889C2-88B1-4887-A8E2-ABF8F270F90B}"
EndProject
Global
	GlobalSection(SolutionConfigurationPlatforms) = preSolution
		Debug|ARM = Debug|ARM
		Debug|x64 = Debug|x64
		Debug|x86 = Debug|x86
		Release|ARM = Release|ARM
		Release|x64 = Release|x64
		Release|x86 = Release|x86
	EndGlobalSection
	GlobalSection(ProjectConfigurationPlatforms) = postSolution
		{D80889C2-88B1-4887-A8E2-ABF8F270F90B}.Debug|ARM.ActiveCfg = Debug|ARM
		{D80889C2-88B1-4887-A8E2-ABF8F270F90B}.Debug|ARM.Build.0 = Debug|ARM
		{D80889C2-88B1-4887-A8E2-ABF8F270F90B}.Debug|ARM.Deploy.0 = Debug|ARM
		{D80889C2-88B1-4887-A8E2-ABF8F270F90B}.Debug|x64.ActiveCfg = Debug|x64
		{D80889C2-88B1-4887-A8E2-ABF8F270F90B}.Debug|x64.Build.0 = Debug|x64
		{D80889C2-88B1-4887-A8E2-ABF8F270F90B}.Debug|x64.Deploy.0 = Debug|x64
		{D80889C2-88B1-4887-A8E2-ABF8F270F90B}.Debug|x86.ActiveCfg = Debug|x86
		{D80889C2-88B1-4887-A8E2-ABF8F270F90B}.Debug|x86.Build.0 = Debug|x86
		{D80889C2-88B1-4887-A8E2-ABF8F270F90B}.Debug|x86.Deploy.0 = Debug|x86
		{D80889C2-88B1-4887-A8E2-ABF8F270F90B}.Release|ARM.ActiveCfg = Release|ARM
		{D80889C2-88B1-4887-A8E2-ABF8F270F90B}.Release|ARM.Build.0 = Release|ARM
		{D80889C2-88B1-4887-A8E2-ABF8F270F90B}.Release|ARM.Deploy.0 = Release|ARM
		{D80889C2-88B1-4887-A8E2-ABF8F270F90B}.Release|x64.ActiveCfg = Release|x64
		{D80889C2-88B1-4887-A8E2-ABF8F270F90B}.Release|x64.Build.0 = Release|x64
		{D80889C2-88B1-4887-A8E2-ABF8F270F90B}.Release|x64.Deploy.0 = Release|x64
		{D80889C2-88B1-4887-A8E2-ABF8F270F90B}.Release|x86.ActiveCfg = Release|x86
		{D80889C2-88B1-4887-A8E2-ABF8F270F90B}.Release|x86.Build.0 = Release|x86
		{D80889C2-88B1-4887-A8E2-ABF8F270F90B}.Release|x86.Deploy.0 = Release|x86
	EndGlobalSection
	GlobalSection(SolutionProperties) = preSolution
		HideSolutionNode = FALSE
	EndGlobalSection
	GlobalSection(ExtensibilityGlobals) = postSolution
		SolutionGuid = {B04975C3-A8C2-43CE-9FFE-71A9F225D0B5}
	EndGlobalSection
EndGlobal
